
Microsoft Visual Studio Solution File, Format Version 12.00
# Visual Studio Version 17
VisualStudioVersion = 17.4.33205.214
MinimumVisualStudioVersion = 10.0.40219.1
Project("{9A19103F-16F7-4668-BE54-9A1E7A4F7556}") = "Vakıfbank1", "Vakıfbank1\Vakıfbank1.csproj", "{FBCA59BA-F6E9-4F5F-A8CE-696A3113D3D7}"
EndProject
Project("{9A19103F-16F7-4668-BE54-9A1E7A4F7556}") = "03-Operators", "D2-Operators\03-Operators.csproj", "{AC69447F-56EA-411E-8C41-701A11A23857}"
EndProject
Project("{9A19103F-16F7-4668-BE54-9A1E7A4F7556}") = "04-Desicions", "Desicions\04-Desicions.csproj", "{3A43D695-7C49-40FA-9860-A4CFFA855BC9}"
EndProject
Project("{9A19103F-16F7-4668-BE54-9A1E7A4F7556}") = "01-FirstProject", "D1-FirstProject\01-FirstProject.csproj", "{13DCF032-A520-4513-860D-BA0E55197A8E}"
EndProject
Project("{9A19103F-16F7-4668-BE54-9A1E7A4F7556}") = "05-loop", "05-loop\05-loop.csproj", "{46969AE4-602E-42A8-A003-8A38BC49D694}"
EndProject
Project("{9A19103F-16F7-4668-BE54-9A1E7A4F7556}") = "06-Errors", "06-Errors\06-Errors.csproj", "{AA0EC9BE-8B96-4207-9DFD-8D8BE90E8140}"
EndProject
Project("{9A19103F-16F7-4668-BE54-9A1E7A4F7556}") = "Z1-Introduction", "B1-Introduction\Z1-Introduction.csproj", "{317EB6DE-B786-4D6B-9426-FAD3CCC036E3}"
EndProject
Project("{9A19103F-16F7-4668-BE54-9A1E7A4F7556}") = "07-Array", "07-Array\07-Array.csproj", "{A00AB4F8-8EE2-4C0C-9A06-3D7B30AC9E38}"
EndProject
Project("{9A19103F-16F7-4668-BE54-9A1E7A4F7556}") = "08-List", "08-List\08-List.csproj", "{C762F160-5FD7-4DF7-8A10-71E2F1707F97}"
EndProject
Project("{9A19103F-16F7-4668-BE54-9A1E7A4F7556}") = "09-ArrayList", "09-ArrayList\09-ArrayList.csproj", "{E90D7F3D-379A-4FBB-B294-444B2092DFC8}"
EndProject
Project("{9A19103F-16F7-4668-BE54-9A1E7A4F7556}") = "10-Dictionary", "10-Dictionary\10-Dictionary.csproj", "{01A2D0C1-0FFA-4E93-A7C6-BFECB8DB6EA6}"
EndProject
Project("{9A19103F-16F7-4668-BE54-9A1E7A4F7556}") = "11-Queue", "11-Queue\11-Queue.csproj", "{67B46495-241C-415B-921B-1A63AF536D72}"
EndProject
Project("{9A19103F-16F7-4668-BE54-9A1E7A4F7556}") = "12-Stack", "12-Stack\12-Stack.csproj", "{5E305C8D-47BD-401F-B85E-5AD9B4B68BEE}"
EndProject
Project("{9A19103F-16F7-4668-BE54-9A1E7A4F7556}") = "13-SortedList", "13-SortedList\13-SortedList.csproj", "{72836B3C-74C5-4E9B-AF8A-C6B7A2B0DAE6}"
EndProject
Project("{9A19103F-16F7-4668-BE54-9A1E7A4F7556}") = "14-methot", "14-methot\14-methot.csproj", "{D6717E79-D661-44B4-BC2C-0D9A6017F681}"
EndProject
Project("{9A19103F-16F7-4668-BE54-9A1E7A4F7556}") = "15-method2", "15-method2\15-method2.csproj", "{C5157951-AE8B-425C-931B-460EDDCB81ED}"
EndProject
Project("{9A19103F-16F7-4668-BE54-9A1E7A4F7556}") = "17-OOP Class LabMy", "17-OOP Class Lab\17-OOP Class LabMy.csproj", "{350FBC5D-0120-4E99-8467-48D48454E23A}"
EndProject
Project("{9A19103F-16F7-4668-BE54-9A1E7A4F7556}") = "18-OOP Static", "18-OOP Static\18-OOP Static.csproj", "{44D24464-F40E-40E7-A784-5045CD37C804}"
EndProject
Project("{9A19103F-16F7-4668-BE54-9A1E7A4F7556}") = "19-OOP Extension", "19-Extension\19-OOP Extension.csproj", "{A0E15ED2-469B-4E0A-84E9-1206CAA3DC88}"
EndProject
Project("{9A19103F-16F7-4668-BE54-9A1E7A4F7556}") = "20-OOP PartialClass", "20-OOP PartialClass\20-OOP PartialClass.csproj", "{74808183-D8D7-4B65-99C0-A2178F16F6D3}"
EndProject
Project("{9A19103F-16F7-4668-BE54-9A1E7A4F7556}") = "21-Struct", "21-Struct\21-Struct.csproj", "{1CF47133-F737-43F2-A856-DC2F96184C2F}"
EndProject
Project("{9A19103F-16F7-4668-BE54-9A1E7A4F7556}") = "22-Enum", "22-Enum\22-Enum.csproj", "{929AADE7-2289-4785-8E48-E9110210F649}"
EndProject
Project("{9A19103F-16F7-4668-BE54-9A1E7A4F7556}") = "23-OOP Inheritance", "23-OOP Inheritance\23-OOP Inheritance.csproj", "{5F6B6528-7EEB-4A04-9834-3BF5731B4F37}"
EndProject
Project("{9A19103F-16F7-4668-BE54-9A1E7A4F7556}") = "24-OOP Inheritance2", "24-OOP Inheritance2\24-OOP Inheritance2.csproj", "{E097C23B-BFE8-4EFB-9446-48687BBF8D37}"
EndProject
Project("{9A19103F-16F7-4668-BE54-9A1E7A4F7556}") = "25-OOP Inheritance Lab", "25-OOP Inheritance Lab\25-OOP Inheritance Lab.csproj", "{987BA694-D8E8-4537-9D00-E779AF8F4CFD}"
EndProject
Project("{9A19103F-16F7-4668-BE54-9A1E7A4F7556}") = "26-OOP Abstraction", "26-OOP Abstraction\26-OOP Abstraction.csproj", "{8C53DE7E-17D1-468E-9D33-775E9F3756B0}"
EndProject
Project("{9A19103F-16F7-4668-BE54-9A1E7A4F7556}") = "27-OOP AbstractionLab", "27-OOP AbstractionLab\27-OOP AbstractionLab.csproj", "{8D40CB89-9F59-4174-8D59-766B3D0A483A}"
EndProject
Project("{9A19103F-16F7-4668-BE54-9A1E7A4F7556}") = "28-OOP Interface", "28-OOP Interface\28-OOP Interface.csproj", "{4F4CCC57-7AF6-4B7A-BF9C-692DCE75E76D}"
EndProject
Project("{9A19103F-16F7-4668-BE54-9A1E7A4F7556}") = "29-OOP InterfaceLab", "29-OOP InterfaceLab\29-OOP InterfaceLab.csproj", "{A8FFD399-C477-46ED-A846-30BFDC4EE804}"
EndProject
Project("{9A19103F-16F7-4668-BE54-9A1E7A4F7556}") = "30-OOP BuildInterFace", "30-BuildInterFace\30-OOP BuildInterFace.csproj", "{29253409-F076-4C30-99EF-7324A4F36C29}"
EndProject
Project("{9A19103F-16F7-4668-BE54-9A1E7A4F7556}") = "31-OOP Generic", "31-OOP Generic\31-OOP Generic.csproj", "{7D4D4D3D-16C2-40F9-9462-76F36EE01358}"
EndProject
Project("{9A19103F-16F7-4668-BE54-9A1E7A4F7556}") = "32-Raletionship", "32-Raletionship\32-Raletionship.csproj", "{A527F9E1-EA81-45AB-AC64-A982142FB315}"
EndProject
Project("{9A19103F-16F7-4668-BE54-9A1E7A4F7556}") = "Z2-OOP ıntro", "Z2-OOP ıntro\Z2-OOP ıntro.csproj", "{7A73F1AB-BA37-4DB0-B6DD-74D69576F3F7}"
EndProject
Project("{9A19103F-16F7-4668-BE54-9A1E7A4F7556}") = "Z3-OOP Lab1", "Z3-OOP Lab1\Z3-OOP Lab1.csproj", "{6C61DAE2-DF48-4A6E-94A2-AFE01FC5DD41}"
EndProject
Project("{9A19103F-16F7-4668-BE54-9A1E7A4F7556}") = "02-TypeCasting", "02-TypeCasting\02-TypeCasting.csproj", "{A252877A-0931-4C18-BDE5-506B4DD46BD0}"
EndProject
Project("{9A19103F-16F7-4668-BE54-9A1E7A4F7556}") = "16- OOP Class", "16- OOP Class\16- OOP Class.csproj", "{07D375FE-4FF0-4C21-82C0-2670387CCD78}"
EndProject
Project("{9A19103F-16F7-4668-BE54-9A1E7A4F7556}") = "24-OPP Inheritance2 AI", "24-OPP Inheritance2 AI\24-OPP Inheritance2 AI.csproj", "{645416A2-1822-4EC8-8BA0-A5F12C4BDF32}"
EndProject
Project("{FAE04EC0-301F-11D3-BF4B-00C04F79EFBC}") = "Z4-OOP_Sinav_Alistirma", "Z4-OOP_Sinav_Alistirma\Z4-OOP_Sinav_Alistirma.csproj", "{5D1D3E17-881A-41C0-9AC8-5CF845ACE3ED}"
EndProject
Global
	GlobalSection(SolutionConfigurationPlatforms) = preSolution
		Debug|Any CPU = Debug|Any CPU
		Release|Any CPU = Release|Any CPU
	EndGlobalSection
	GlobalSection(ProjectConfigurationPlatforms) = postSolution
		{FBCA59BA-F6E9-4F5F-A8CE-696A3113D3D7}.Debug|Any CPU.ActiveCfg = Debug|Any CPU
		{FBCA59BA-F6E9-4F5F-A8CE-696A3113D3D7}.Debug|Any CPU.Build.0 = Debug|Any CPU
		{FBCA59BA-F6E9-4F5F-A8CE-696A3113D3D7}.Release|Any CPU.ActiveCfg = Release|Any CPU
		{FBCA59BA-F6E9-4F5F-A8CE-696A3113D3D7}.Release|Any CPU.Build.0 = Release|Any CPU
		{AC69447F-56EA-411E-8C41-701A11A23857}.Debug|Any CPU.ActiveCfg = Debug|Any CPU
		{AC69447F-56EA-411E-8C41-701A11A23857}.Debug|Any CPU.Build.0 = Debug|Any CPU
		{AC69447F-56EA-411E-8C41-701A11A23857}.Release|Any CPU.ActiveCfg = Release|Any CPU
		{AC69447F-56EA-411E-8C41-701A11A23857}.Release|Any CPU.Build.0 = Release|Any CPU
		{3A43D695-7C49-40FA-9860-A4CFFA855BC9}.Debug|Any CPU.ActiveCfg = Debug|Any CPU
		{3A43D695-7C49-40FA-9860-A4CFFA855BC9}.Debug|Any CPU.Build.0 = Debug|Any CPU
		{3A43D695-7C49-40FA-9860-A4CFFA855BC9}.Release|Any CPU.ActiveCfg = Release|Any CPU
		{3A43D695-7C49-40FA-9860-A4CFFA855BC9}.Release|Any CPU.Build.0 = Release|Any CPU
		{13DCF032-A520-4513-860D-BA0E55197A8E}.Debug|Any CPU.ActiveCfg = Debug|Any CPU
		{13DCF032-A520-4513-860D-BA0E55197A8E}.Debug|Any CPU.Build.0 = Debug|Any CPU
		{13DCF032-A520-4513-860D-BA0E55197A8E}.Release|Any CPU.ActiveCfg = Release|Any CPU
		{13DCF032-A520-4513-860D-BA0E55197A8E}.Release|Any CPU.Build.0 = Release|Any CPU
		{46969AE4-602E-42A8-A003-8A38BC49D694}.Debug|Any CPU.ActiveCfg = Debug|Any CPU
		{46969AE4-602E-42A8-A003-8A38BC49D694}.Debug|Any CPU.Build.0 = Debug|Any CPU
		{46969AE4-602E-42A8-A003-8A38BC49D694}.Release|Any CPU.ActiveCfg = Release|Any CPU
		{46969AE4-602E-42A8-A003-8A38BC49D694}.Release|Any CPU.Build.0 = Release|Any CPU
		{AA0EC9BE-8B96-4207-9DFD-8D8BE90E8140}.Debug|Any CPU.ActiveCfg = Debug|Any CPU
		{AA0EC9BE-8B96-4207-9DFD-8D8BE90E8140}.Debug|Any CPU.Build.0 = Debug|Any CPU
		{AA0EC9BE-8B96-4207-9DFD-8D8BE90E8140}.Release|Any CPU.ActiveCfg = Release|Any CPU
		{AA0EC9BE-8B96-4207-9DFD-8D8BE90E8140}.Release|Any CPU.Build.0 = Release|Any CPU
		{317EB6DE-B786-4D6B-9426-FAD3CCC036E3}.Debug|Any CPU.ActiveCfg = Debug|Any CPU
		{317EB6DE-B786-4D6B-9426-FAD3CCC036E3}.Debug|Any CPU.Build.0 = Debug|Any CPU
		{317EB6DE-B786-4D6B-9426-FAD3CCC036E3}.Release|Any CPU.ActiveCfg = Release|Any CPU
		{317EB6DE-B786-4D6B-9426-FAD3CCC036E3}.Release|Any CPU.Build.0 = Release|Any CPU
		{A00AB4F8-8EE2-4C0C-9A06-3D7B30AC9E38}.Debug|Any CPU.ActiveCfg = Debug|Any CPU
		{A00AB4F8-8EE2-4C0C-9A06-3D7B30AC9E38}.Debug|Any CPU.Build.0 = Debug|Any CPU
		{A00AB4F8-8EE2-4C0C-9A06-3D7B30AC9E38}.Release|Any CPU.ActiveCfg = Release|Any CPU
		{A00AB4F8-8EE2-4C0C-9A06-3D7B30AC9E38}.Release|Any CPU.Build.0 = Release|Any CPU
		{C762F160-5FD7-4DF7-8A10-71E2F1707F97}.Debug|Any CPU.ActiveCfg = Debug|Any CPU
		{C762F160-5FD7-4DF7-8A10-71E2F1707F97}.Debug|Any CPU.Build.0 = Debug|Any CPU
		{C762F160-5FD7-4DF7-8A10-71E2F1707F97}.Release|Any CPU.ActiveCfg = Release|Any CPU
		{C762F160-5FD7-4DF7-8A10-71E2F1707F97}.Release|Any CPU.Build.0 = Release|Any CPU
		{E90D7F3D-379A-4FBB-B294-444B2092DFC8}.Debug|Any CPU.ActiveCfg = Debug|Any CPU
		{E90D7F3D-379A-4FBB-B294-444B2092DFC8}.Debug|Any CPU.Build.0 = Debug|Any CPU
		{E90D7F3D-379A-4FBB-B294-444B2092DFC8}.Release|Any CPU.ActiveCfg = Release|Any CPU
		{E90D7F3D-379A-4FBB-B294-444B2092DFC8}.Release|Any CPU.Build.0 = Release|Any CPU
		{01A2D0C1-0FFA-4E93-A7C6-BFECB8DB6EA6}.Debug|Any CPU.ActiveCfg = Debug|Any CPU
		{01A2D0C1-0FFA-4E93-A7C6-BFECB8DB6EA6}.Debug|Any CPU.Build.0 = Debug|Any CPU
		{01A2D0C1-0FFA-4E93-A7C6-BFECB8DB6EA6}.Release|Any CPU.ActiveCfg = Release|Any CPU
		{01A2D0C1-0FFA-4E93-A7C6-BFECB8DB6EA6}.Release|Any CPU.Build.0 = Release|Any CPU
		{67B46495-241C-415B-921B-1A63AF536D72}.Debug|Any CPU.ActiveCfg = Debug|Any CPU
		{67B46495-241C-415B-921B-1A63AF536D72}.Debug|Any CPU.Build.0 = Debug|Any CPU
		{67B46495-241C-415B-921B-1A63AF536D72}.Release|Any CPU.ActiveCfg = Release|Any CPU
		{67B46495-241C-415B-921B-1A63AF536D72}.Release|Any CPU.Build.0 = Release|Any CPU
		{5E305C8D-47BD-401F-B85E-5AD9B4B68BEE}.Debug|Any CPU.ActiveCfg = Debug|Any CPU
		{5E305C8D-47BD-401F-B85E-5AD9B4B68BEE}.Debug|Any CPU.Build.0 = Debug|Any CPU
		{5E305C8D-47BD-401F-B85E-5AD9B4B68BEE}.Release|Any CPU.ActiveCfg = Release|Any CPU
		{5E305C8D-47BD-401F-B85E-5AD9B4B68BEE}.Release|Any CPU.Build.0 = Release|Any CPU
		{72836B3C-74C5-4E9B-AF8A-C6B7A2B0DAE6}.Debug|Any CPU.ActiveCfg = Debug|Any CPU
		{72836B3C-74C5-4E9B-AF8A-C6B7A2B0DAE6}.Debug|Any CPU.Build.0 = Debug|Any CPU
		{72836B3C-74C5-4E9B-AF8A-C6B7A2B0DAE6}.Release|Any CPU.ActiveCfg = Release|Any CPU
		{72836B3C-74C5-4E9B-AF8A-C6B7A2B0DAE6}.Release|Any CPU.Build.0 = Release|Any CPU
		{D6717E79-D661-44B4-BC2C-0D9A6017F681}.Debug|Any CPU.ActiveCfg = Debug|Any CPU
		{D6717E79-D661-44B4-BC2C-0D9A6017F681}.Debug|Any CPU.Build.0 = Debug|Any CPU
		{D6717E79-D661-44B4-BC2C-0D9A6017F681}.Release|Any CPU.ActiveCfg = Release|Any CPU
		{D6717E79-D661-44B4-BC2C-0D9A6017F681}.Release|Any CPU.Build.0 = Release|Any CPU
		{C5157951-AE8B-425C-931B-460EDDCB81ED}.Debug|Any CPU.ActiveCfg = Debug|Any CPU
		{C5157951-AE8B-425C-931B-460EDDCB81ED}.Debug|Any CPU.Build.0 = Debug|Any CPU
		{C5157951-AE8B-425C-931B-460EDDCB81ED}.Release|Any CPU.ActiveCfg = Release|Any CPU
		{C5157951-AE8B-425C-931B-460EDDCB81ED}.Release|Any CPU.Build.0 = Release|Any CPU
		{350FBC5D-0120-4E99-8467-48D48454E23A}.Debug|Any CPU.ActiveCfg = Debug|Any CPU
		{350FBC5D-0120-4E99-8467-48D48454E23A}.Debug|Any CPU.Build.0 = Debug|Any CPU
		{350FBC5D-0120-4E99-8467-48D48454E23A}.Release|Any CPU.ActiveCfg = Release|Any CPU
		{350FBC5D-0120-4E99-8467-48D48454E23A}.Release|Any CPU.Build.0 = Release|Any CPU
		{44D24464-F40E-40E7-A784-5045CD37C804}.Debug|Any CPU.ActiveCfg = Debug|Any CPU
		{44D24464-F40E-40E7-A784-5045CD37C804}.Debug|Any CPU.Build.0 = Debug|Any CPU
		{44D24464-F40E-40E7-A784-5045CD37C804}.Release|Any CPU.ActiveCfg = Release|Any CPU
		{44D24464-F40E-40E7-A784-5045CD37C804}.Release|Any CPU.Build.0 = Release|Any CPU
		{A0E15ED2-469B-4E0A-84E9-1206CAA3DC88}.Debug|Any CPU.ActiveCfg = Debug|Any CPU
		{A0E15ED2-469B-4E0A-84E9-1206CAA3DC88}.Debug|Any CPU.Build.0 = Debug|Any CPU
		{A0E15ED2-469B-4E0A-84E9-1206CAA3DC88}.Release|Any CPU.ActiveCfg = Release|Any CPU
		{A0E15ED2-469B-4E0A-84E9-1206CAA3DC88}.Release|Any CPU.Build.0 = Release|Any CPU
		{74808183-D8D7-4B65-99C0-A2178F16F6D3}.Debug|Any CPU.ActiveCfg = Debug|Any CPU
		{74808183-D8D7-4B65-99C0-A2178F16F6D3}.Debug|Any CPU.Build.0 = Debug|Any CPU
		{74808183-D8D7-4B65-99C0-A2178F16F6D3}.Release|Any CPU.ActiveCfg = Release|Any CPU
		{74808183-D8D7-4B65-99C0-A2178F16F6D3}.Release|Any CPU.Build.0 = Release|Any CPU
		{1CF47133-F737-43F2-A856-DC2F96184C2F}.Debug|Any CPU.ActiveCfg = Debug|Any CPU
		{1CF47133-F737-43F2-A856-DC2F96184C2F}.Debug|Any CPU.Build.0 = Debug|Any CPU
		{1CF47133-F737-43F2-A856-DC2F96184C2F}.Release|Any CPU.ActiveCfg = Release|Any CPU
		{1CF47133-F737-43F2-A856-DC2F96184C2F}.Release|Any CPU.Build.0 = Release|Any CPU
		{929AADE7-2289-4785-8E48-E9110210F649}.Debug|Any CPU.ActiveCfg = Debug|Any CPU
		{929AADE7-2289-4785-8E48-E9110210F649}.Debug|Any CPU.Build.0 = Debug|Any CPU
		{929AADE7-2289-4785-8E48-E9110210F649}.Release|Any CPU.ActiveCfg = Release|Any CPU
		{929AADE7-2289-4785-8E48-E9110210F649}.Release|Any CPU.Build.0 = Release|Any CPU
		{5F6B6528-7EEB-4A04-9834-3BF5731B4F37}.Debug|Any CPU.ActiveCfg = Debug|Any CPU
		{5F6B6528-7EEB-4A04-9834-3BF5731B4F37}.Debug|Any CPU.Build.0 = Debug|Any CPU
		{5F6B6528-7EEB-4A04-9834-3BF5731B4F37}.Release|Any CPU.ActiveCfg = Release|Any CPU
		{5F6B6528-7EEB-4A04-9834-3BF5731B4F37}.Release|Any CPU.Build.0 = Release|Any CPU
		{E097C23B-BFE8-4EFB-9446-48687BBF8D37}.Debug|Any CPU.ActiveCfg = Debug|Any CPU
		{E097C23B-BFE8-4EFB-9446-48687BBF8D37}.Debug|Any CPU.Build.0 = Debug|Any CPU
		{E097C23B-BFE8-4EFB-9446-48687BBF8D37}.Release|Any CPU.ActiveCfg = Release|Any CPU
		{E097C23B-BFE8-4EFB-9446-48687BBF8D37}.Release|Any CPU.Build.0 = Release|Any CPU
		{987BA694-D8E8-4537-9D00-E779AF8F4CFD}.Debug|Any CPU.ActiveCfg = Debug|Any CPU
		{987BA694-D8E8-4537-9D00-E779AF8F4CFD}.Debug|Any CPU.Build.0 = Debug|Any CPU
		{987BA694-D8E8-4537-9D00-E779AF8F4CFD}.Release|Any CPU.ActiveCfg = Release|Any CPU
		{987BA694-D8E8-4537-9D00-E779AF8F4CFD}.Release|Any CPU.Build.0 = Release|Any CPU
		{8C53DE7E-17D1-468E-9D33-775E9F3756B0}.Debug|Any CPU.ActiveCfg = Debug|Any CPU
		{8C53DE7E-17D1-468E-9D33-775E9F3756B0}.Debug|Any CPU.Build.0 = Debug|Any CPU
		{8C53DE7E-17D1-468E-9D33-775E9F3756B0}.Release|Any CPU.ActiveCfg = Release|Any CPU
		{8C53DE7E-17D1-468E-9D33-775E9F3756B0}.Release|Any CPU.Build.0 = Release|Any CPU
		{8D40CB89-9F59-4174-8D59-766B3D0A483A}.Debug|Any CPU.ActiveCfg = Debug|Any CPU
		{8D40CB89-9F59-4174-8D59-766B3D0A483A}.Debug|Any CPU.Build.0 = Debug|Any CPU
		{8D40CB89-9F59-4174-8D59-766B3D0A483A}.Release|Any CPU.ActiveCfg = Release|Any CPU
		{8D40CB89-9F59-4174-8D59-766B3D0A483A}.Release|Any CPU.Build.0 = Release|Any CPU
		{4F4CCC57-7AF6-4B7A-BF9C-692DCE75E76D}.Debug|Any CPU.ActiveCfg = Debug|Any CPU
		{4F4CCC57-7AF6-4B7A-BF9C-692DCE75E76D}.Debug|Any CPU.Build.0 = Debug|Any CPU
		{4F4CCC57-7AF6-4B7A-BF9C-692DCE75E76D}.Release|Any CPU.ActiveCfg = Release|Any CPU
		{4F4CCC57-7AF6-4B7A-BF9C-692DCE75E76D}.Release|Any CPU.Build.0 = Release|Any CPU
		{A8FFD399-C477-46ED-A846-30BFDC4EE804}.Debug|Any CPU.ActiveCfg = Debug|Any CPU
		{A8FFD399-C477-46ED-A846-30BFDC4EE804}.Debug|Any CPU.Build.0 = Debug|Any CPU
		{A8FFD399-C477-46ED-A846-30BFDC4EE804}.Release|Any CPU.ActiveCfg = Release|Any CPU
		{A8FFD399-C477-46ED-A846-30BFDC4EE804}.Release|Any CPU.Build.0 = Release|Any CPU
		{29253409-F076-4C30-99EF-7324A4F36C29}.Debug|Any CPU.ActiveCfg = Debug|Any CPU
		{29253409-F076-4C30-99EF-7324A4F36C29}.Debug|Any CPU.Build.0 = Debug|Any CPU
		{29253409-F076-4C30-99EF-7324A4F36C29}.Release|Any CPU.ActiveCfg = Release|Any CPU
		{29253409-F076-4C30-99EF-7324A4F36C29}.Release|Any CPU.Build.0 = Release|Any CPU
		{7D4D4D3D-16C2-40F9-9462-76F36EE01358}.Debug|Any CPU.ActiveCfg = Debug|Any CPU
		{7D4D4D3D-16C2-40F9-9462-76F36EE01358}.Debug|Any CPU.Build.0 = Debug|Any CPU
		{7D4D4D3D-16C2-40F9-9462-76F36EE01358}.Release|Any CPU.ActiveCfg = Release|Any CPU
		{7D4D4D3D-16C2-40F9-9462-76F36EE01358}.Release|Any CPU.Build.0 = Release|Any CPU
		{A527F9E1-EA81-45AB-AC64-A982142FB315}.Debug|Any CPU.ActiveCfg = Debug|Any CPU
		{A527F9E1-EA81-45AB-AC64-A982142FB315}.Debug|Any CPU.Build.0 = Debug|Any CPU
		{A527F9E1-EA81-45AB-AC64-A982142FB315}.Release|Any CPU.ActiveCfg = Release|Any CPU
		{A527F9E1-EA81-45AB-AC64-A982142FB315}.Release|Any CPU.Build.0 = Release|Any CPU
		{7A73F1AB-BA37-4DB0-B6DD-74D69576F3F7}.Debug|Any CPU.ActiveCfg = Debug|Any CPU
		{7A73F1AB-BA37-4DB0-B6DD-74D69576F3F7}.Debug|Any CPU.Build.0 = Debug|Any CPU
		{7A73F1AB-BA37-4DB0-B6DD-74D69576F3F7}.Release|Any CPU.ActiveCfg = Release|Any CPU
		{7A73F1AB-BA37-4DB0-B6DD-74D69576F3F7}.Release|Any CPU.Build.0 = Release|Any CPU
		{6C61DAE2-DF48-4A6E-94A2-AFE01FC5DD41}.Debug|Any CPU.ActiveCfg = Debug|Any CPU
		{6C61DAE2-DF48-4A6E-94A2-AFE01FC5DD41}.Debug|Any CPU.Build.0 = Debug|Any CPU
		{6C61DAE2-DF48-4A6E-94A2-AFE01FC5DD41}.Release|Any CPU.ActiveCfg = Release|Any CPU
		{6C61DAE2-DF48-4A6E-94A2-AFE01FC5DD41}.Release|Any CPU.Build.0 = Release|Any CPU
		{A252877A-0931-4C18-BDE5-506B4DD46BD0}.Debug|Any CPU.ActiveCfg = Debug|Any CPU
		{A252877A-0931-4C18-BDE5-506B4DD46BD0}.Debug|Any CPU.Build.0 = Debug|Any CPU
		{A252877A-0931-4C18-BDE5-506B4DD46BD0}.Release|Any CPU.ActiveCfg = Release|Any CPU
		{A252877A-0931-4C18-BDE5-506B4DD46BD0}.Release|Any CPU.Build.0 = Release|Any CPU
		{07D375FE-4FF0-4C21-82C0-2670387CCD78}.Debug|Any CPU.ActiveCfg = Debug|Any CPU
		{07D375FE-4FF0-4C21-82C0-2670387CCD78}.Debug|Any CPU.Build.0 = Debug|Any CPU
		{07D375FE-4FF0-4C21-82C0-2670387CCD78}.Release|Any CPU.ActiveCfg = Release|Any CPU
		{07D375FE-4FF0-4C21-82C0-2670387CCD78}.Release|Any CPU.Build.0 = Release|Any CPU
		{645416A2-1822-4EC8-8BA0-A5F12C4BDF32}.Debug|Any CPU.ActiveCfg = Debug|Any CPU
		{645416A2-1822-4EC8-8BA0-A5F12C4BDF32}.Debug|Any CPU.Build.0 = Debug|Any CPU
		{645416A2-1822-4EC8-8BA0-A5F12C4BDF32}.Release|Any CPU.ActiveCfg = Release|Any CPU
		{645416A2-1822-4EC8-8BA0-A5F12C4BDF32}.Release|Any CPU.Build.0 = Release|Any CPU
		{5D1D3E17-881A-41C0-9AC8-5CF845ACE3ED}.Debug|Any CPU.ActiveCfg = Debug|Any CPU
		{5D1D3E17-881A-41C0-9AC8-5CF845ACE3ED}.Debug|Any CPU.Build.0 = Debug|Any CPU
		{5D1D3E17-881A-41C0-9AC8-5CF845ACE3ED}.Release|Any CPU.ActiveCfg = Release|Any CPU
		{5D1D3E17-881A-41C0-9AC8-5CF845ACE3ED}.Release|Any CPU.Build.0 = Release|Any CPU
	EndGlobalSection
	GlobalSection(SolutionProperties) = preSolution
		HideSolutionNode = FALSE
	EndGlobalSection
	GlobalSection(ExtensibilityGlobals) = postSolution
		SolutionGuid = {333F5987-30EE-41C7-AB3A-C1ED42E8A400}
	EndGlobalSection
EndGlobal
